{
  "name": "SMARTGoalPT",
  "lockfileVersion": 3,
  "requires": true,
  "packages": {
    "": {
      "dependencies": {
        "just": "^0.1.8"
      }
    },
    "node_modules/just": {
      "version": "0.1.8",
      "resolved": "https://registry.npmjs.org/just/-/just-0.1.8.tgz",
      "integrity": "sha512-MthnDq23szARlHgY638t17BLLWa/4S8NbN6LlUzSGzG7hKLlC2M+gzd4rxcSixOlM530LnsRgbe10b2/EPbsQg==",
      "engines": {
        "node": ">= 0.4.0"
      }
    }
  }
}
